
Microsoft Visual Studio Solution File, Format Version 12.00
# Visual Studio Version 17
VisualStudioVersion = 17.8.34525.116
MinimumVisualStudioVersion = 10.0.40219.1
Project("{9A19103F-16F7-4668-BE54-9A1E7A4F7556}") = "OrderManagment", "OrderManagment\OrderManagment.csproj", "{F94C891C-E253-444F-BF71-64CC17A6EB41}"
EndProject
Project("{FAE04EC0-301F-11D3-BF4B-00C04F79EFBC}") = "OrderManagmentTests", "OrderManagmentTests\OrderManagmentTests.csproj", "{B1745EFA-03A3-4715-8823-60103CF14FC7}"
EndProject
Global
	GlobalSection(SolutionConfigurationPlatforms) = preSolution
		Debug|Any CPU = Debug|Any CPU
		Release|Any CPU = Release|Any CPU
	EndGlobalSection
	GlobalSection(ProjectConfigurationPlatforms) = postSolution
		{F94C891C-E253-444F-BF71-64CC17A6EB41}.Debug|Any CPU.ActiveCfg = Debug|Any CPU
		{F94C891C-E253-444F-BF71-64CC17A6EB41}.Debug|Any CPU.Build.0 = Debug|Any CPU
		{F94C891C-E253-444F-BF71-64CC17A6EB41}.Release|Any CPU.ActiveCfg = Release|Any CPU
		{F94C891C-E253-444F-BF71-64CC17A6EB41}.Release|Any CPU.Build.0 = Release|Any CPU
		{B1745EFA-03A3-4715-8823-60103CF14FC7}.Debug|Any CPU.ActiveCfg = Debug|Any CPU
		{B1745EFA-03A3-4715-8823-60103CF14FC7}.Debug|Any CPU.Build.0 = Debug|Any CPU
		{B1745EFA-03A3-4715-8823-60103CF14FC7}.Release|Any CPU.ActiveCfg = Release|Any CPU
		{B1745EFA-03A3-4715-8823-60103CF14FC7}.Release|Any CPU.Build.0 = Release|Any CPU
	EndGlobalSection
	GlobalSection(SolutionProperties) = preSolution
		HideSolutionNode = FALSE
	EndGlobalSection
	GlobalSection(ExtensibilityGlobals) = postSolution
		SolutionGuid = {41CE2B89-AC0C-472D-B8C4-5D3FED553D50}
	EndGlobalSection
EndGlobal
